
Microsoft Visual Studio Solution File, Format Version 12.00
# Visual Studio Version 16
VisualStudioVersion = 16.0.31129.286
MinimumVisualStudioVersion = 10.0.40219.1
Project("{FAE04EC0-301F-11D3-BF4B-00C04F79EFBC}") = "Logger with Bridge Pattern", "Logger with Bridge Pattern\Logger with Bridge Pattern.csproj", "{480B1F3C-8C0A-4B17-A03B-809DDB5519AE}"
EndProject
Global
	GlobalSection(SolutionConfigurationPlatforms) = preSolution
		Debug|Any CPU = Debug|Any CPU
		Release|Any CPU = Release|Any CPU
	EndGlobalSection
	GlobalSection(ProjectConfigurationPlatforms) = postSolution
		{480B1F3C-8C0A-4B17-A03B-809DDB5519AE}.Debug|Any CPU.ActiveCfg = Debug|Any CPU
		{480B1F3C-8C0A-4B17-A03B-809DDB5519AE}.Debug|Any CPU.Build.0 = Debug|Any CPU
		{480B1F3C-8C0A-4B17-A03B-809DDB5519AE}.Release|Any CPU.ActiveCfg = Release|Any CPU
		{480B1F3C-8C0A-4B17-A03B-809DDB5519AE}.Release|Any CPU.Build.0 = Release|Any CPU
	EndGlobalSection
	GlobalSection(SolutionProperties) = preSolution
		HideSolutionNode = FALSE
	EndGlobalSection
	GlobalSection(ExtensibilityGlobals) = postSolution
		SolutionGuid = {C3D6F0A1-F118-4BBA-8E25-683EB85A64C7}
	EndGlobalSection
EndGlobal
